
Microsoft Visual Studio Solution File, Format Version 12.00
# Visual Studio Version 17
VisualStudioVersion = 17.14.36518.9 d17.14
MinimumVisualStudioVersion = 10.0.40219.1
Project("{FAE04EC0-301F-11D3-BF4B-00C04F79EFBC}") = "LargeFileChallenge.FileGenerator", "LargeFileChallenge.FileGenerator\LargeFileChallenge.FileGenerator.csproj", "{4FA20D3D-91F9-D28F-214B-8F850D3D4074}"
EndProject
Project("{FAE04EC0-301F-11D3-BF4B-00C04F79EFBC}") = "LargeFileChallenge.FileSorter", "LargeFileChallenge.FileSorter\LargeFileChallenge.FileSorter.csproj", "{D17638BF-006E-AFDC-A4D5-E7E8E2ADCAF8}"
EndProject
Project("{FAE04EC0-301F-11D3-BF4B-00C04F79EFBC}") = "LargeFileChallenge.SampleDownloader", "LargeFileChallenge.SampleDownloader\LargeFileChallenge.SampleDownloader.csproj", "{9FCB8820-0EAE-4C3F-A689-F914B4BEFC2B}"
EndProject
Project("{2150E333-8FDC-42A3-9474-1A3956D46DE8}") = "Shared", "Shared", "{02EA681E-C7D8-13C7-8484-4AC65E1B71E8}"
EndProject
Project("{2150E333-8FDC-42A3-9474-1A3956D46DE8}") = "Tools", "Tools", "{38451015-1208-42BF-9987-B8572F9C061D}"
EndProject
Project("{2150E333-8FDC-42A3-9474-1A3956D46DE8}") = "Abstractions", "Abstractions", "{0852652B-ED08-4E8B-8E92-FCDF588564BB}"
EndProject
Project("{FAE04EC0-301F-11D3-BF4B-00C04F79EFBC}") = "LargeFileChallenge.ProgressReporting.Abstractions", "LargeFileChallenge.ProgressReporting.Abstractions\LargeFileChallenge.ProgressReporting.Abstractions.csproj", "{135C51EA-CC76-4EFA-8EE5-934A37E2B4AE}"
EndProject
Project("{FAE04EC0-301F-11D3-BF4B-00C04F79EFBC}") = "LargeFileChallenge.ProgressReporting", "LargeFileChallenge.ProgressReporting\LargeFileChallenge.ProgressReporting.csproj", "{5FAA7F23-0DDA-4C60-90A6-6505D6817B95}"
EndProject
Global
	GlobalSection(SolutionConfigurationPlatforms) = preSolution
		Debug|Any CPU = Debug|Any CPU
		Release|Any CPU = Release|Any CPU
	EndGlobalSection
	GlobalSection(ProjectConfigurationPlatforms) = postSolution
		{4FA20D3D-91F9-D28F-214B-8F850D3D4074}.Debug|Any CPU.ActiveCfg = Debug|Any CPU
		{4FA20D3D-91F9-D28F-214B-8F850D3D4074}.Debug|Any CPU.Build.0 = Debug|Any CPU
		{4FA20D3D-91F9-D28F-214B-8F850D3D4074}.Release|Any CPU.ActiveCfg = Release|Any CPU
		{4FA20D3D-91F9-D28F-214B-8F850D3D4074}.Release|Any CPU.Build.0 = Release|Any CPU
		{D17638BF-006E-AFDC-A4D5-E7E8E2ADCAF8}.Debug|Any CPU.ActiveCfg = Debug|Any CPU
		{D17638BF-006E-AFDC-A4D5-E7E8E2ADCAF8}.Debug|Any CPU.Build.0 = Debug|Any CPU
		{D17638BF-006E-AFDC-A4D5-E7E8E2ADCAF8}.Release|Any CPU.ActiveCfg = Release|Any CPU
		{D17638BF-006E-AFDC-A4D5-E7E8E2ADCAF8}.Release|Any CPU.Build.0 = Release|Any CPU
		{9FCB8820-0EAE-4C3F-A689-F914B4BEFC2B}.Debug|Any CPU.ActiveCfg = Debug|Any CPU
		{9FCB8820-0EAE-4C3F-A689-F914B4BEFC2B}.Debug|Any CPU.Build.0 = Debug|Any CPU
		{9FCB8820-0EAE-4C3F-A689-F914B4BEFC2B}.Release|Any CPU.ActiveCfg = Release|Any CPU
		{9FCB8820-0EAE-4C3F-A689-F914B4BEFC2B}.Release|Any CPU.Build.0 = Release|Any CPU
		{135C51EA-CC76-4EFA-8EE5-934A37E2B4AE}.Debug|Any CPU.ActiveCfg = Debug|Any CPU
		{135C51EA-CC76-4EFA-8EE5-934A37E2B4AE}.Debug|Any CPU.Build.0 = Debug|Any CPU
		{135C51EA-CC76-4EFA-8EE5-934A37E2B4AE}.Release|Any CPU.ActiveCfg = Release|Any CPU
		{135C51EA-CC76-4EFA-8EE5-934A37E2B4AE}.Release|Any CPU.Build.0 = Release|Any CPU
		{5FAA7F23-0DDA-4C60-90A6-6505D6817B95}.Debug|Any CPU.ActiveCfg = Debug|Any CPU
		{5FAA7F23-0DDA-4C60-90A6-6505D6817B95}.Debug|Any CPU.Build.0 = Debug|Any CPU
		{5FAA7F23-0DDA-4C60-90A6-6505D6817B95}.Release|Any CPU.ActiveCfg = Release|Any CPU
		{5FAA7F23-0DDA-4C60-90A6-6505D6817B95}.Release|Any CPU.Build.0 = Release|Any CPU
	EndGlobalSection
	GlobalSection(SolutionProperties) = preSolution
		HideSolutionNode = FALSE
	EndGlobalSection
	GlobalSection(NestedProjects) = preSolution
		{9FCB8820-0EAE-4C3F-A689-F914B4BEFC2B} = {38451015-1208-42BF-9987-B8572F9C061D}
		{135C51EA-CC76-4EFA-8EE5-934A37E2B4AE} = {0852652B-ED08-4E8B-8E92-FCDF588564BB}
		{5FAA7F23-0DDA-4C60-90A6-6505D6817B95} = {02EA681E-C7D8-13C7-8484-4AC65E1B71E8}
	EndGlobalSection
	GlobalSection(ExtensibilityGlobals) = postSolution
		SolutionGuid = {A001F538-6787-468F-9C49-865119DC1A50}
	EndGlobalSection
EndGlobal
